
Microsoft Visual Studio Solution File, Format Version 12.00
# Visual Studio Version 17
VisualStudioVersion = 17.13.35931.197 d17.13
MinimumVisualStudioVersion = 10.0.40219.1
Project("{FAE04EC0-301F-11D3-BF4B-00C04F79EFBC}") = "Menu", "Menu\Menu.csproj", "{518BE67B-458F-40F7-9862-ECC1A814A9E9}"
EndProject
Global
	GlobalSection(SolutionConfigurationPlatforms) = preSolution
		Debug|Any CPU = Debug|Any CPU
		Release|Any CPU = Release|Any CPU
	EndGlobalSection
	GlobalSection(ProjectConfigurationPlatforms) = postSolution
		{518BE67B-458F-40F7-9862-ECC1A814A9E9}.Debug|Any CPU.ActiveCfg = Debug|Any CPU
		{518BE67B-458F-40F7-9862-ECC1A814A9E9}.Debug|Any CPU.Build.0 = Debug|Any CPU
		{518BE67B-458F-40F7-9862-ECC1A814A9E9}.Release|Any CPU.ActiveCfg = Release|Any CPU
		{518BE67B-458F-40F7-9862-ECC1A814A9E9}.Release|Any CPU.Build.0 = Release|Any CPU
	EndGlobalSection
	GlobalSection(SolutionProperties) = preSolution
		HideSolutionNode = FALSE
	EndGlobalSection
	GlobalSection(ExtensibilityGlobals) = postSolution
		SolutionGuid = {E3243CF6-C60E-495F-9167-79256414FC92}
	EndGlobalSection
EndGlobal
